
Microsoft Visual Studio Solution File, Format Version 12.00
# Visual Studio Version 17
VisualStudioVersion = 17.8.34601.278
MinimumVisualStudioVersion = 10.0.40219.1
Project("{9A19103F-16F7-4668-BE54-9A1E7A4F7556}") = "NMSE", "NMSE.csproj", "{004788FC-28BC-441E-AA01-B26CE57621C1}"
EndProject
Project("{9A19103F-16F7-4668-BE54-9A1E7A4F7556}") = "NMSE.Core", "..\NMSE.Core\NMSE.Core.csproj", "{F1518B72-E486-4A4B-95CE-C83E0CD6A3B4}"
EndProject
Global
	GlobalSection(SolutionConfigurationPlatforms) = preSolution
		Debug|Any CPU = Debug|Any CPU
		Release|Any CPU = Release|Any CPU
	EndGlobalSection
	GlobalSection(ProjectConfigurationPlatforms) = postSolution
		{004788FC-28BC-441E-AA01-B26CE57621C1}.Debug|Any CPU.ActiveCfg = Debug|Any CPU
		{004788FC-28BC-441E-AA01-B26CE57621C1}.Debug|Any CPU.Build.0 = Debug|Any CPU
		{004788FC-28BC-441E-AA01-B26CE57621C1}.Release|Any CPU.ActiveCfg = Release|Any CPU
		{004788FC-28BC-441E-AA01-B26CE57621C1}.Release|Any CPU.Build.0 = Release|Any CPU
		{F1518B72-E486-4A4B-95CE-C83E0CD6A3B4}.Debug|Any CPU.ActiveCfg = Debug|Any CPU
		{F1518B72-E486-4A4B-95CE-C83E0CD6A3B4}.Debug|Any CPU.Build.0 = Debug|Any CPU
		{F1518B72-E486-4A4B-95CE-C83E0CD6A3B4}.Release|Any CPU.ActiveCfg = Release|Any CPU
		{F1518B72-E486-4A4B-95CE-C83E0CD6A3B4}.Release|Any CPU.Build.0 = Release|Any CPU
	EndGlobalSection
	GlobalSection(SolutionProperties) = preSolution
		HideSolutionNode = FALSE
	EndGlobalSection
	GlobalSection(ExtensibilityGlobals) = postSolution
		SolutionGuid = {0735C68A-EEF2-4ECD-8DC5-1E3554C7BEEC}
	EndGlobalSection
EndGlobal
